PODS:
  - XAspect (1.0.5):
    - XAspect/Core (= 1.0.5)
    - XAspect/Macros (= 1.0.5)
  - XAspect/Core (1.0.5):
    - XAspect/Macros
  - XAspect/Macros (1.0.5)

DEPENDENCIES:
  - XAspect

SPEC CHECKSUMS:
  XAspect: db50bf487f92dbb8557a7a5365556966c8493af8

PODFILE CHECKSUM: 0afb68b9482204bb7dff1a5e26d023a04f1c0410

COCOAPODS: 1.4.0.rc.1
