PODS:
  - AFNetworking (3.2.0):
    - AFNetworking/NSURLSession (= 3.2.0)
    - AFNetworking/Reachability (= 3.2.0)
    - AFNetworking/Security (= 3.2.0)
    - AFNetworking/Serialization (= 3.2.0)
    - AFNetworking/UIKit (= 3.2.0)
  - AFNetworking/NSURLSession (3.2.0):
    - AFNetworking/Reachability
    - AFNetworking/Security
    - AFNetworking/Serialization
  - AFNetworking/Reachability (3.2.0)
  - AFNetworking/Security (3.2.0)
  - AFNetworking/Serialization (3.2.0)
  - AFNetworking/UIKit (3.2.0):
    - AFNetworking/NSURLSession
  - boost-for-react-native (1.63.0)
  - CocoaLumberjack (3.2.1):
    - CocoaLumberjack/Default (= 3.2.1)
    - CocoaLumberjack/Extensions (= 3.2.1)
  - CocoaLumberjack/Default (3.2.1)
  - CocoaLumberjack/Extensions (3.2.1):
    - CocoaLumberjack/Default
  - CYLTabBarController (1.17.6)
  - DoubleConversion (1.1.5)
  - FLEX (2.4.0)
  - Folly (2016.09.26.00):
    - boost-for-react-native
    - DoubleConversion
    - glog
  - glog (0.3.4)
  - IQKeyboardManager (3.3.7)
  - Masonry (1.1.0)
  - React/Core (0.54.3):
    - yoga (= 0.54.3.React)
  - React/CxxBridge (0.54.3):
    - Folly (= 2016.09.26.00)
    - React/Core
    - React/cxxreact
  - React/cxxreact (0.54.3):
    - boost-for-react-native (= 1.63.0)
    - Folly (= 2016.09.26.00)
    - React/jschelpers
    - React/jsinspector
  - React/DevSupport (0.54.3):
    - React/Core
    - React/RCTWebSocket
  - React/fishhook (0.54.3)
  - React/jschelpers (0.54.3):
    - Folly (= 2016.09.26.00)
    - React/PrivateDatabase
  - React/jsinspector (0.54.3)
  - React/PrivateDatabase (0.54.3)
  - React/RCTBlob (0.54.3):
    - React/Core
  - React/RCTNetwork (0.54.3):
    - React/Core
  - React/RCTText (0.54.3):
    - React/Core
  - React/RCTWebSocket (0.54.3):
    - React/Core
    - React/fishhook
    - React/RCTBlob
  - XAspect (1.0.5):
    - XAspect/Core (= 1.0.5)
    - XAspect/Macros (= 1.0.5)
  - XAspect/Core (1.0.5):
    - XAspect/Macros
  - XAspect/Macros (1.0.5)
  - yoga (0.54.3.React)
  - YTKNetwork (2.0.4):
    - AFNetworking (~> 3.0)

DEPENDENCIES:
  - CocoaLumberjack (~> 3.2.0)
  - CYLTabBarController
  - DoubleConversion (from `../AppReactNativeFrameServer/node_modules/react-native/third-party-podspecs/DoubleConversion.podspec`)
  - FLEX (~> 2.0)
  - Folly (from `../AppReactNativeFrameServer/node_modules/react-native/third-party-podspecs/Folly.podspec`)
  - glog (from `../AppReactNativeFrameServer/node_modules/react-native/third-party-podspecs/GLog.podspec`)
  - IQKeyboardManager (~> 3.3.7)
  - Masonry
  - React/Core (from `../AppReactNativeFrameServer/node_modules/react-native`)
  - React/CxxBridge (from `../AppReactNativeFrameServer/node_modules/react-native`)
  - React/DevSupport (from `../AppReactNativeFrameServer/node_modules/react-native`)
  - React/RCTNetwork (from `../AppReactNativeFrameServer/node_modules/react-native`)
  - React/RCTText (from `../AppReactNativeFrameServer/node_modules/react-native`)
  - React/RCTWebSocket (from `../AppReactNativeFrameServer/node_modules/react-native`)
  - XAspect
  - yoga (from `../AppReactNativeFrameServer/node_modules/react-native/ReactCommon/yoga`)
  - YTKNetwork (~> 2.0.4)

EXTERNAL SOURCES:
  DoubleConversion:
    :podspec: ../AppReactNativeFrameServer/node_modules/react-native/third-party-podspecs/DoubleConversion.podspec
  Folly:
    :podspec: ../AppReactNativeFrameServer/node_modules/react-native/third-party-podspecs/Folly.podspec
  glog:
    :podspec: ../AppReactNativeFrameServer/node_modules/react-native/third-party-podspecs/GLog.podspec
  React:
    :path: ../AppReactNativeFrameServer/node_modules/react-native
  yoga:
    :path: ../AppReactNativeFrameServer/node_modules/react-native/ReactCommon/yoga

SPEC CHECKSUMS:
  AFNetworking: 8ac6017b94ea105479f7776e5288e48ae9c59bb4
  boost-for-react-native: 39c7adb57c4e60d6c5479dd8623128eb5b3f0f2c
  CocoaLumberjack: 2800c03334042fe80589423c8d80e582dcaec482
  CYLTabBarController: c374643dea6dadece8bdff9c70f7387f8ffd7d08
  DoubleConversion: ebb6747c5b66026ad4f97b789c3ceac6f18e57a6
  FLEX: bd1a39e55b56bb413b6f1b34b3c10a0dc44ef079
  Folly: 211775e49d8da0ca658aebc8eab89d642935755c
  glog: 1de0bb937dccdc981596d3b5825ebfb765017ded
  IQKeyboardManager: 249c3946acf61345c18b038eb50863fe2793e3a8
  Masonry: 678fab65091a9290e40e2832a55e7ab731aad201
  React: c237e42de9c70e5cac6eeb52b4cfd3a0910c1f00
  XAspect: db50bf487f92dbb8557a7a5365556966c8493af8
  yoga: 55da126afc384965b96bff46652464373b330add
  YTKNetwork: df8a7a5597bda1664a4efaa7ef871a818a887fe0

PODFILE CHECKSUM: d6c5bf974ac1b6eb353c3115d36d2091bc2e0295

COCOAPODS: 1.4.0
